// !$*UTF8*$!
{
	archiveVersion = 1;
	classes = {
	};
	objectVersion = 46;
	objects = {

/* Begin PBXBuildFile section */
		C719280C19416B460025857F /* AppDelegate.swift in Sources */ = {isa = PBXBuildFile; fileRef = C719280B19416B460025857F /* AppDelegate.swift */; };
		C719280E19416B460025857F /* GameScene.sks in Resources */ = {isa = PBXBuildFile; fileRef = C719280D19416B460025857F /* GameScene.sks */; };
		C719281019416B460025857F /* GameScene.swift in Sources */ = {isa = PBXBuildFile; fileRef = C719280F19416B460025857F /* GameScene.swift */; };
		C719281219416B460025857F /* GameViewController.swift in Sources */ = {isa = PBXBuildFile; fileRef = C719281119416B460025857F /* GameViewController.swift */; };
		C719281519416B460025857F /* Main.storyboard in Resources */ = {isa = PBXBuildFile; fileRef = C719281319416B460025857F /* Main.storyboard */; };
		C719281719416B460025857F /* Images.xcassets in Resources */ = {isa = PBXBuildFile; fileRef = C719281619416B460025857F /* Images.xcassets */; };
		C719282319416B460025857F /* HydrogenTests.swift in Sources */ = {isa = PBXBuildFile; fileRef = C719282219416B460025857F /* HydrogenTests.swift */; };
		C7338011194CC28100AE633C /* GameOverScene.sks in Resources */ = {isa = PBXBuildFile; fileRef = C7338010194CC28100AE633C /* GameOverScene.sks */; };
/* End PBXBuildFile section */

/* Begin PBXContainerItemProxy section */
		C719281D19416B460025857F /* PBXContainerItemProxy */ = {
			isa = PBXContainerItemProxy;
			containerPortal = C71927FE19416B450025857F /* Project object */;
			proxyType = 1;
			remoteGlobalIDString = C719280519416B460025857F;
			remoteInfo = Hydrogen;
		};
/* End PBXContainerItemProxy section */

/* Begin PBXFileReference section */
		C719280619416B460025857F /* Hydrogen.app */ = {isa = PBXFileReference; explicitFileType = wrapper.application; includeInIndex = 0; path = Hydrogen.app; sourceTree = BUILT_PRODUCTS_DIR; };
		C719280A19416B460025857F /* Info.plist */ = {isa = PBXFileReference; lastKnownFileType = text.plist.xml; path = Info.plist; sourceTree = "<group>"; };
		C719280B19416B460025857F /* AppDelegate.swift */ = {isa = PBXFileReference; lastKnownFileType = sourcecode.swift; path = AppDelegate.swift; sourceTree = "<group>"; };
		C719280D19416B460025857F /* GameScene.sks */ = {isa = PBXFileReference; lastKnownFileType = file.sks; path = GameScene.sks; sourceTree = "<group>"; };
		C719280F19416B460025857F /* GameScene.swift */ = {isa = PBXFileReference; lastKnownFileType = sourcecode.swift; path = GameScene.swift; sourceTree = "<group>"; };
		C719281119416B460025857F /* GameViewController.swift */ = {isa = PBXFileReference; lastKnownFileType = sourcecode.swift; path = GameViewController.swift; sourceTree = "<group>"; };
		C719281419416B460025857F /* Base */ = {isa = PBXFileReference; lastKnownFileType = file.storyboard; name = Base; path = Base.lproj/Main.storyboard; sourceTree = "<group>"; };
		C719281619416B460025857F /* Images.xcassets */ = {isa = PBXFileReference; lastKnownFileType = folder.assetcatalog; path = Images.xcassets; sourceTree = "<group>"; };
		C719281C19416B460025857F /* HydrogenTests.xctest */ = {isa = PBXFileReference; explicitFileType = wrapper.cfbundle; includeInIndex = 0; path = HydrogenTests.xctest; sourceTree = BUILT_PRODUCTS_DIR; };
		C719282119416B460025857F /* Info.plist */ = {isa = PBXFileReference; lastKnownFileType = text.plist.xml; path = Info.plist; sourceTree = "<group>"; };
		C719282219416B460025857F /* HydrogenTests.swift */ = {isa = PBXFileReference; lastKnownFileType = sourcecode.swift; path = HydrogenTests.swift; sourceTree = "<group>"; };
		C7338010194CC28100AE633C /* GameOverScene.sks */ = {isa = PBXFileReference; lastKnownFileType = file.sks; path = GameOverScene.sks; sourceTree = "<group>"; };
/* End PBXFileReference section */

/* Begin PBXFrameworksBuildPhase section */
		C719280319416B460025857F /* Frameworks */ = {
			isa = PBXFrameworksBuildPhase;
			buildActionMask = 2147483647;
			files = (
			);
			runOnlyForDeploymentPostprocessing = 0;
		};
		C719281919416B460025857F /* Frameworks */ = {
			isa = PBXFrameworksBuildPhase;
			buildActionMask = 2147483647;
			files = (
			);
			runOnlyForDeploymentPostprocessing = 0;
		};
/* End PBXFrameworksBuildPhase section */

/* Begin PBXGroup section */
		C71927FD19416B450025857F = {
			isa = PBXGroup;
			children = (
				C719280819416B460025857F /* Hydrogen */,
				C719281F19416B460025857F /* HydrogenTests */,
				C719280719416B460025857F /* Products */,
			);
			sourceTree = "<group>";
		};
		C719280719416B460025857F /* Products */ = {
			isa = PBXGroup;
			children = (
				C719280619416B460025857F /* Hydrogen.app */,
				C719281C19416B460025857F /* HydrogenTests.xctest */,
			);
			name = Products;
			sourceTree = "<group>";
		};
		C719280819416B460025857F /* Hydrogen */ = {
			isa = PBXGroup;
			children = (
				C719280B19416B460025857F /* AppDelegate.swift */,
				C719280D19416B460025857F /* GameScene.sks */,
				C719280F19416B460025857F /* GameScene.swift */,
				C719281119416B460025857F /* GameViewController.swift */,
				C719281319416B460025857F /* Main.storyboard */,
				C7338010194CC28100AE633C /* GameOverScene.sks */,
				C719281619416B460025857F /* Images.xcassets */,
				C719280919416B460025857F /* Supporting Files */,
			);
			path = Hydrogen;
			sourceTree = "<group>";
		};
		C719280919416B460025857F /* Supporting Files */ = {
			isa = PBXGroup;
			children = (
				C719280A19416B460025857F /* Info.plist */,
			);
			name = "Supporting Files";
			sourceTree = "<group>";
		};
		C719281F19416B460025857F /* HydrogenTests */ = {
			isa = PBXGroup;
			children = (
				C719282219416B460025857F /* HydrogenTests.swift */,
				C719282019416B460025857F /* Supporting Files */,
			);
			path = HydrogenTests;
			sourceTree = "<group>";
		};
		C719282019416B460025857F /* Supporting Files */ = {
			isa = PBXGroup;
			children = (
				C719282119416B460025857F /* Info.plist */,
			);
			name = "Supporting Files";
			sourceTree = "<group>";
		};
/* End PBXGroup section */

/* Begin PBXNativeTarget section */
		C719280519416B460025857F /* Hydrogen */ = {
			isa = PBXNativeTarget;
			buildConfigurationList = C719282619416B460025857F /* Build configuration list for PBXNativeTarget "Hydrogen" */;
			buildPhases = (
				C719280219416B460025857F /* Sources */,
				C719280319416B460025857F /* Frameworks */,
				C719280419416B460025857F /* Resources */,
			);
			buildRules = (
			);
			dependencies = (
			);
			name = Hydrogen;
			productName = Hydrogen;
			productReference = C719280619416B460025857F /* Hydrogen.app */;
			productType = "com.apple.product-type.application";
		};
		C719281B19416B460025857F /* HydrogenTests */ = {
			isa = PBXNativeTarget;
			buildConfigurationList = C719282919416B460025857F /* Build configuration list for PBXNativeTarget "HydrogenTests" */;
			buildPhases = (
				C719281819416B460025857F /* Sources */,
				C719281919416B460025857F /* Frameworks */,
				C719281A19416B460025857F /* Resources */,
			);
			buildRules = (
			);
			dependencies = (
				C719281E19416B460025857F /* PBXTargetDependency */,
			);
			name = HydrogenTests;
			productName = HydrogenTests;
			productReference = C719281C19416B460025857F /* HydrogenTests.xctest */;
			productType = "com.apple.product-type.bundle.unit-test";
		};
/* End PBXNativeTarget section */

/* Begin PBXProject section */
		C71927FE19416B450025857F /* Project object */ = {
			isa = PBXProject;
			attributes = {
				LastUpgradeCheck = 0600;
				ORGANIZATIONNAME = "Gautam Mittal";
				TargetAttributes = {
					C719280519416B460025857F = {
						CreatedOnToolsVersion = 6.0;
						DevelopmentTeam = BJG88PA8FQ;
					};
					C719281B19416B460025857F = {
						CreatedOnToolsVersion = 6.0;
						TestTargetID = C719280519416B460025857F;
					};
				};
			};
			buildConfigurationList = C719280119416B450025857F /* Build configuration list for PBXProject "Hydrogen" */;
			compatibilityVersion = "Xcode 3.2";
			developmentRegion = English;
			hasScannedForEncodings = 0;
			knownRegions = (
				en,
				Base,
			);
			mainGroup = C71927FD19416B450025857F;
			productRefGroup = C719280719416B460025857F /* Products */;
			projectDirPath = "";
			projectRoot = "";
			targets = (
				C719280519416B460025857F /* Hydrogen */,
				C719281B19416B460025857F /* HydrogenTests */,
			);
		};
/* End PBXProject section */

/* Begin PBXResourcesBuildPhase section */
		C719280419416B460025857F /* Resources */ = {
			isa = PBXResourcesBuildPhase;
			buildActionMask = 2147483647;
			files = (
				C7338011194CC28100AE633C /* GameOverScene.sks in Resources */,
				C719281719416B460025857F /* Images.xcassets in Resources */,
				C719280E19416B460025857F /* GameScene.sks in Resources */,
				C719281519416B460025857F /* Main.storyboard in Resources */,
			);
			runOnlyForDeploymentPostprocessing = 0;
		};
		C719281A19416B460025857F /* Resources */ = {
			isa = PBXResourcesBuildPhase;
			buildActionMask = 2147483647;
			files = (
			);
			runOnlyForDeploymentPostprocessing = 0;
		};
/* End PBXResourcesBuildPhase section */

/* Begin PBXSourcesBuildPhase section */
		C719280219416B460025857F /* Sources */ = {
			isa = PBXSourcesBuildPhase;
			buildActionMask = 2147483647;
			files = (
				C719281019416B460025857F /* GameScene.swift in Sources */,
				C719281219416B460025857F /* GameViewController.swift in Sources */,
				C719280C19416B460025857F /* AppDelegate.swift in Sources */,
			);
			runOnlyForDeploymentPostprocessing = 0;
		};
		C719281819416B460025857F /* Sources */ = {
			isa = PBXSourcesBuildPhase;
			buildActionMask = 2147483647;
			files = (
				C719282319416B460025857F /* HydrogenTests.swift in Sources */,
			);
			runOnlyForDeploymentPostprocessing = 0;
		};
/* End PBXSourcesBuildPhase section */

/* Begin PBXTargetDependency section */
		C719281E19416B460025857F /* PBXTargetDependency */ = {
			isa = PBXTargetDependency;
			target = C719280519416B460025857F /* Hydrogen */;
			targetProxy = C719281D19416B460025857F /* PBXContainerItemProxy */;
		};
/* End PBXTargetDependency section */

/* Begin PBXVariantGroup section */
		C719281319416B460025857F /* Main.storyboard */ = {
			isa = PBXVariantGroup;
			children = (
				C719281419416B460025857F /* Base */,
			);
			name = Main.storyboard;
			sourceTree = "<group>";
		};
/* End PBXVariantGroup section */

/* Begin XCBuildConfiguration section */
		C719282419416B460025857F /* Debug */ = {
			isa = XCBuildConfiguration;
			buildSettings = {
				ALWAYS_SEARCH_USER_PATHS = NO;
				CLANG_CXX_LANGUAGE_STANDARD = "gnu++0x";
				CLANG_CXX_LIBRARY = "libc++";
				CLANG_ENABLE_MODULES = YES;
				CLANG_ENABLE_OBJC_ARC = YES;
				CLANG_WARN_BOOL_CONVERSION = YES;
				CLANG_WARN_CONSTANT_CONVERSION = YES;
				CLANG_WARN_DIRECT_OBJC_ISA_USAGE = YES_ERROR;
				CLANG_WARN_EMPTY_BODY = YES;
				CLANG_WARN_ENUM_CONVERSION = YES;
				CLANG_WARN_INT_CONVERSION = YES;
				CLANG_WARN_OBJC_ROOT_CLASS = YES_ERROR;
				CLANG_WARN_UNREACHABLE_CODE = YES;
				CLANG_WARN__DUPLICATE_METHOD_MATCH = YES;
				"CODE_SIGN_IDENTITY[sdk=iphoneos*]" = "iPhone Developer";
				COPY_PHASE_STRIP = NO;
				ENABLE_STRICT_OBJC_MSGSEND = YES;
				GCC_C_LANGUAGE_STANDARD = gnu99;
				GCC_DYNAMIC_NO_PIC = NO;
				GCC_OPTIMIZATION_LEVEL = 0;
				GCC_PREPROCESSOR_DEFINITIONS = (
					"DEBUG=1",
					"$(inherited)",
				);
				GCC_SYMBOLS_PRIVATE_EXTERN = NO;
				GCC_WARN_64_TO_32_BIT_CONVERSION = YES;
				GCC_WARN_ABOUT_RETURN_TYPE = YES_ERROR;
				GCC_WARN_UNDECLARED_SELECTOR = YES;
				GCC_WARN_UNINITIALIZED_AUTOS = YES_AGGRESSIVE;
				GCC_WARN_UNUSED_FUNCTION = YES;
				GCC_WARN_UNUSED_VARIABLE = YES;
				IPHONEOS_DEPLOYMENT_TARGET = 8.0;
				METAL_ENABLE_DEBUG_INFO = YES;
				ONLY_ACTIVE_ARCH = YES;
				SDKROOT = iphoneos;
				SWIFT_OPTIMIZATION_LEVEL = "-Onone";
			};
			name = Debug;
		};
		C719282519416B460025857F /* Release */ = {
			isa = XCBuildConfiguration;
			buildSettings = {
				ALWAYS_SEARCH_USER_PATHS = NO;
				CLANG_CXX_LANGUAGE_STANDARD = "gnu++0x";
				CLANG_CXX_LIBRARY = "libc++";
				CLANG_ENABLE_MODULES = YES;
				CLANG_ENABLE_OBJC_ARC = YES;
				CLANG_WARN_BOOL_CONVERSION = YES;
				CLANG_WARN_CONSTANT_CONVERSION = YES;
				CLANG_WARN_DIRECT_OBJC_ISA_USAGE = YES_ERROR;
				CLANG_WARN_EMPTY_BODY = YES;
				CLANG_WARN_ENUM_CONVERSION = YES;
				CLANG_WARN_INT_CONVERSION = YES;
				CLANG_WARN_OBJC_ROOT_CLASS = YES_ERROR;
				CLANG_WARN_UNREACHABLE_CODE = YES;
				CLANG_WARN__DUPLICATE_METHOD_MATCH = YES;
				"CODE_SIGN_IDENTITY[sdk=iphoneos*]" = "iPhone Developer";
				COPY_PHASE_STRIP = YES;
				ENABLE_NS_ASSERTIONS = NO;
				ENABLE_STRICT_OBJC_MSGSEND = YES;
				GCC_C_LANGUAGE_STANDARD = gnu99;
				GCC_WARN_64_TO_32_BIT_CONVERSION = YES;
				GCC_WARN_ABOUT_RETURN_TYPE = YES_ERROR;
				GCC_WARN_UNDECLARED_SELECTOR = YES;
				GCC_WARN_UNINITIALIZED_AUTOS = YES_AGGRESSIVE;
				GCC_WARN_UNUSED_FUNCTION = YES;
				GCC_WARN_UNUSED_VARIABLE = YES;
				IPHONEOS_DEPLOYMENT_TARGET = 8.0;
				METAL_ENABLE_DEBUG_INFO = NO;
				SDKROOT = iphoneos;
				VALIDATE_PRODUCT = YES;
			};
			name = Release;
		};
		C719282719416B460025857F /* Debug */ = {
			isa = XCBuildConfiguration;
			buildSettings = {
				ASSETCATALOG_COMPILER_APPICON_NAME = AppIcon;
				ASSETCATALOG_COMPILER_LAUNCHIMAGE_NAME = LaunchImage;
				CODE_SIGN_IDENTITY = "iPhone Developer";
				"CODE_SIGN_IDENTITY[sdk=iphoneos*]" = "iPhone Developer";
				INFOPLIST_FILE = Hydrogen/Info.plist;
				IPHONEOS_DEPLOYMENT_TARGET = 7.0;
				LD_RUNPATH_SEARCH_PATHS = "$(inherited) @executable_path/Frameworks";
				ONLY_ACTIVE_ARCH = NO;
				PRODUCT_NAME = "$(TARGET_NAME)";
				PROVISIONING_PROFILE = "";
				VALID_ARCHS = "arm64 armv7 armv7s";
			};
			name = Debug;
		};
		C719282819416B460025857F /* Release */ = {
			isa = XCBuildConfiguration;
			buildSettings = {
				ASSETCATALOG_COMPILER_APPICON_NAME = AppIcon;
				ASSETCATALOG_COMPILER_LAUNCHIMAGE_NAME = LaunchImage;
				CODE_SIGN_IDENTITY = "iPhone Developer";
				"CODE_SIGN_IDENTITY[sdk=iphoneos*]" = "iPhone Developer";
				INFOPLIST_FILE = Hydrogen/Info.plist;
				IPHONEOS_DEPLOYMENT_TARGET = 7.0;
				LD_RUNPATH_SEARCH_PATHS = "$(inherited) @executable_path/Frameworks";
				ONLY_ACTIVE_ARCH = NO;
				PRODUCT_NAME = "$(TARGET_NAME)";
				PROVISIONING_PROFILE = "";
				VALID_ARCHS = "arm64 armv7 armv7s";
			};
			name = Release;
		};
		C719282A19416B460025857F /* Debug */ = {
			isa = XCBuildConfiguration;
			buildSettings = {
				BUNDLE_LOADER = "$(BUILT_PRODUCTS_DIR)/Hydrogen.app/Hydrogen";
				FRAMEWORK_SEARCH_PATHS = (
					"$(SDKROOT)/Developer/Library/Frameworks",
					"$(inherited)",
				);
				GCC_PREPROCESSOR_DEFINITIONS = (
					"DEBUG=1",
					"$(inherited)",
				);
				INFOPLIST_FILE = HydrogenTests/Info.plist;
				LD_RUNPATH_SEARCH_PATHS = "$(inherited) @executable_path/Frameworks @loader_path/Frameworks";
				METAL_ENABLE_DEBUG_INFO = YES;
				PRODUCT_NAME = "$(TARGET_NAME)";
				TEST_HOST = "$(BUNDLE_LOADER)";
			};
			name = Debug;
		};
		C719282B19416B460025857F /* Release */ = {
			isa = XCBuildConfiguration;
			buildSettings = {
				BUNDLE_LOADER = "$(BUILT_PRODUCTS_DIR)/Hydrogen.app/Hydrogen";
				FRAMEWORK_SEARCH_PATHS = (
					"$(SDKROOT)/Developer/Library/Frameworks",
					"$(inherited)",
				);
				INFOPLIST_FILE = HydrogenTests/Info.plist;
				LD_RUNPATH_SEARCH_PATHS = "$(inherited) @executable_path/Frameworks @loader_path/Frameworks";
				METAL_ENABLE_DEBUG_INFO = NO;
				PRODUCT_NAME = "$(TARGET_NAME)";
				TEST_HOST = "$(BUNDLE_LOADER)";
			};
			name = Release;
		};
/* End XCBuildConfiguration section */

/* Begin XCConfigurationList section */
		C719280119416B450025857F /* Build configuration list for PBXProject "Hydrogen" */ = {
			isa = XCConfigurationList;
			buildConfigurations = (
				C719282419416B460025857F /* Debug */,
				C719282519416B460025857F /* Release */,
			);
			defaultConfigurationIsVisible = 0;
			defaultConfigurationName = Release;
		};
		C719282619416B460025857F /* Build configuration list for PBXNativeTarget "Hydrogen" */ = {
			isa = XCConfigurationList;
			buildConfigurations = (
				C719282719416B460025857F /* Debug */,
				C719282819416B460025857F /* Release */,
			);
			defaultConfigurationIsVisible = 0;
			defaultConfigurationName = Release;
		};
		C719282919416B460025857F /* Build configuration list for PBXNativeTarget "HydrogenTests" */ = {
			isa = XCConfigurationList;
			buildConfigurations = (
				C719282A19416B460025857F /* Debug */,
				C719282B19416B460025857F /* Release */,
			);
			defaultConfigurationIsVisible = 0;
			defaultConfigurationName = Release;
		};
/* End XCConfigurationList section */
	};
	rootObject = C71927FE19416B450025857F /* Project object */;
}
